
Microsoft Visual Studio Solution File, Format Version 12.00
# Visual Studio Version 17
VisualStudioVersion = 17.3.32811.315
MinimumVisualStudioVersion = 10.0.40219.1
Project("{FAE04EC0-301F-11D3-BF4B-00C04F79EFBC}") = "SimplyDb", "SimplyDb\SimplyDb.csproj", "{D6D8CF57-1A38-4E7F-9672-F93D6A56705A}"
EndProject
Project("{FAE04EC0-301F-11D3-BF4B-00C04F79EFBC}") = "SimplyDb.Tests", "SimplyDb.Tests\SimplyDb.Tests.csproj", "{9D0EC154-0197-4BDB-85D1-54C6C6E5FBDD}"
EndProject
Project("{FAE04EC0-301F-11D3-BF4B-00C04F79EFBC}") = "SimplyDb.Csl", "SimplyDb.Csl\SimplyDb.Csl.csproj", "{CF1AE669-2A76-4B67-B5E0-9A0664300F86}"
EndProject
Global
	GlobalSection(SolutionConfigurationPlatforms) = preSolution
		Debug|Any CPU = Debug|Any CPU
		Release|Any CPU = Release|Any CPU
	EndGlobalSection
	GlobalSection(ProjectConfigurationPlatforms) = postSolution
		{D6D8CF57-1A38-4E7F-9672-F93D6A56705A}.Debug|Any CPU.ActiveCfg = Debug|Any CPU
		{D6D8CF57-1A38-4E7F-9672-F93D6A56705A}.Debug|Any CPU.Build.0 = Debug|Any CPU
		{D6D8CF57-1A38-4E7F-9672-F93D6A56705A}.Release|Any CPU.ActiveCfg = Release|Any CPU
		{D6D8CF57-1A38-4E7F-9672-F93D6A56705A}.Release|Any CPU.Build.0 = Release|Any CPU
		{9D0EC154-0197-4BDB-85D1-54C6C6E5FBDD}.Debug|Any CPU.ActiveCfg = Debug|Any CPU
		{9D0EC154-0197-4BDB-85D1-54C6C6E5FBDD}.Debug|Any CPU.Build.0 = Debug|Any CPU
		{9D0EC154-0197-4BDB-85D1-54C6C6E5FBDD}.Release|Any CPU.ActiveCfg = Release|Any CPU
		{9D0EC154-0197-4BDB-85D1-54C6C6E5FBDD}.Release|Any CPU.Build.0 = Release|Any CPU
		{CF1AE669-2A76-4B67-B5E0-9A0664300F86}.Debug|Any CPU.ActiveCfg = Debug|Any CPU
		{CF1AE669-2A76-4B67-B5E0-9A0664300F86}.Debug|Any CPU.Build.0 = Debug|Any CPU
		{CF1AE669-2A76-4B67-B5E0-9A0664300F86}.Release|Any CPU.ActiveCfg = Release|Any CPU
		{CF1AE669-2A76-4B67-B5E0-9A0664300F86}.Release|Any CPU.Build.0 = Release|Any CPU
	EndGlobalSection
	GlobalSection(SolutionProperties) = preSolution
		HideSolutionNode = FALSE
	EndGlobalSection
	GlobalSection(ExtensibilityGlobals) = postSolution
		SolutionGuid = {057CE5A8-D559-433B-8428-E1FF4BFC64C5}
	EndGlobalSection
EndGlobal
